{
	"name": "vizscript",
	"version": "0.0.1",
	"lockfileVersion": 1,
	"requires": true,
	"dependencies": {
		"@types/bluebird": {
			"version": "3.5.25",
			"resolved": "https://registry.npmjs.org/@types/bluebird/-/bluebird-3.5.25.tgz",
			"integrity": "sha512-yfhIBix+AIFTmYGtkC0Bi+XGjSkOINykqKvO/Wqdz/DuXlAKK7HmhLAXdPIGsV4xzKcL3ev/zYc4yLNo+OvGaw=="
		},
		"@types/mocha": {
			"version": "5.2.0",
			"resolved": "https://registry.npmjs.org/@types/mocha/-/mocha-5.2.0.tgz",
			"integrity": "sha512-YeDiSEzznwZwwp766SJ6QlrTyBYUGPSIwmREHVTmktUYiT/WADdWtpt9iH0KuUSf8lZLdI4lP0X6PBzPo5//JQ==",
			"dev": true
		},
		"@types/node": {
			"version": "8.10.18",
			"resolved": "https://registry.npmjs.org/@types/node/-/node-8.10.18.tgz",
			"integrity": "sha512-WoepSz+wJlU5Bjq5oK6cO1oXe2FgPcjMtQPgKPS8fVaTAD0lxkScMCCbMimdkVCsykqaA4lvHWz3cmj28yimhA=="
		},
		"@types/sax": {
			"version": "0.0.28",
			"resolved": "https://registry.npmjs.org/@types/sax/-/sax-0.0.28.tgz",
			"integrity": "sha1-CLwr7XaX+XsPNFoLpdk+XxY8ieI=",
			"requires": {
				"@types/node": "*"
			}
		},
		"ansi-regex": {
			"version": "2.1.1",
			"resolved": "https://registry.npmjs.org/ansi-regex/-/ansi-regex-2.1.1.tgz",
			"integrity": "sha1-w7M6te42DYbg5ijwRorn7yfWVN8="
		},
		"ansi-styles": {
			"version": "2.2.1",
			"resolved": "https://registry.npmjs.org/ansi-styles/-/ansi-styles-2.2.1.tgz",
			"integrity": "sha1-tDLdM1i2NM914eRmQ2gkBTPB3b4="
		},
		"argparse": {
			"version": "1.0.10",
			"resolved": "https://registry.npmjs.org/argparse/-/argparse-1.0.10.tgz",
			"integrity": "sha512-o5Roy6tNG4SL/FOkCAN6RzjiakZS25RLYFrcMttJqbdd8BWrnA+fGz57iN5Pb06pvBGvl5gQ0B48dJlslXvoTg==",
			"dev": true,
			"requires": {
				"sprintf-js": "~1.0.2"
			}
		},
		"asn1": {
			"version": "0.2.4",
			"resolved": "https://registry.npmjs.org/asn1/-/asn1-0.2.4.tgz",
			"integrity": "sha512-jxwzQpLQjSmWXgwaCZE9Nz+glAG01yF1QnWgbhGwHI5A6FRIEY6IVqtHhIepHqI7/kyEyQEagBC5mBEFlIYvdg==",
			"requires": {
				"safer-buffer": "~2.1.0"
			}
		},
		"assert-plus": {
			"version": "0.2.0",
			"resolved": "https://registry.npmjs.org/assert-plus/-/assert-plus-0.2.0.tgz",
			"integrity": "sha1-104bh+ev/A24qttwIfP+SBAasjQ="
		},
		"async": {
			"version": "2.6.1",
			"resolved": "https://registry.npmjs.org/async/-/async-2.6.1.tgz",
			"integrity": "sha512-fNEiL2+AZt6AlAw/29Cr0UDe4sRAHCpEHh54WMz+Bb7QfNcFw4h3loofyJpLeQs4Yx7yuqu/2dLgM5hKOs6HlQ==",
			"requires": {
				"lodash": "^4.17.10"
			}
		},
		"autogypi": {
			"version": "0.2.2",
			"resolved": "https://registry.npmjs.org/autogypi/-/autogypi-0.2.2.tgz",
			"integrity": "sha1-JYurX3hXdVsJvqxqZB/qEw/0Yi0=",
			"requires": {
				"bluebird": "^3.4.0",
				"commander": "~2.9.0",
				"resolve": "~1.1.7"
			},
			"dependencies": {
				"commander": {
					"version": "2.9.0",
					"resolved": "https://registry.npmjs.org/commander/-/commander-2.9.0.tgz",
					"integrity": "sha1-nJkJQXbhIkDLItbFFGCYQA/g99Q=",
					"requires": {
						"graceful-readlink": ">= 1.0.0"
					}
				},
				"resolve": {
					"version": "1.1.7",
					"resolved": "https://registry.npmjs.org/resolve/-/resolve-1.1.7.tgz",
					"integrity": "sha1-IDEU2CrSxe2ejgQRs5ModeiJ6Xs="
				}
			}
		},
		"aws-sign2": {
			"version": "0.6.0",
			"resolved": "https://registry.npmjs.org/aws-sign2/-/aws-sign2-0.6.0.tgz",
			"integrity": "sha1-FDQt0428yU0OW4fXY81jYSwOeU8="
		},
		"aws4": {
			"version": "1.8.0",
			"resolved": "https://registry.npmjs.org/aws4/-/aws4-1.8.0.tgz",
			"integrity": "sha512-ReZxvNHIOv88FlT7rxcXIIC0fPt4KZqZbOlivyWtXLt8ESx84zd3kMC6iK5jVeS2qt+g7ftS7ye4fi06X5rtRQ=="
		},
		"babel-code-frame": {
			"version": "6.26.0",
			"resolved": "https://registry.npmjs.org/babel-code-frame/-/babel-code-frame-6.26.0.tgz",
			"integrity": "sha1-Y/1D99weO7fONZR9uP42mj9Yx0s=",
			"dev": true,
			"requires": {
				"chalk": "^1.1.3",
				"esutils": "^2.0.2",
				"js-tokens": "^3.0.2"
			},
			"dependencies": {
				"chalk": {
					"version": "1.1.3",
					"resolved": "http://registry.npmjs.org/chalk/-/chalk-1.1.3.tgz",
					"integrity": "sha1-qBFcVeSnAv5NFQq9OHKCKn4J/Jg=",
					"dev": true,
					"requires": {
						"ansi-styles": "^2.2.1",
						"escape-string-regexp": "^1.0.2",
						"has-ansi": "^2.0.0",
						"strip-ansi": "^3.0.0",
						"supports-color": "^2.0.0"
					}
				}
			}
		},
		"balanced-match": {
			"version": "1.0.0",
			"resolved": "https://registry.npmjs.org/balanced-match/-/balanced-match-1.0.0.tgz",
			"integrity": "sha1-ibTRmasr7kneFk6gK4nORi1xt2c=",
			"dev": true
		},
		"bcrypt-pbkdf": {
			"version": "1.0.2",
			"resolved": "https://registry.npmjs.org/bcrypt-pbkdf/-/bcrypt-pbkdf-1.0.2.tgz",
			"integrity": "sha1-pDAdOJtqQ/m2f/PKEaP2Y342Dp4=",
			"requires": {
				"tweetnacl": "^0.14.3"
			}
		},
		"bindings": {
			"version": "1.4.0",
			"resolved": "https://registry.npmjs.org/bindings/-/bindings-1.4.0.tgz",
			"integrity": "sha512-7znEVX22Djn+nYjxCWKDne0RRloa9XfYa84yk3s+HkE3LpDYZmhArYr9O9huBoHY3/oXispx5LorIX7Sl2CgSQ==",
			"requires": {
				"file-uri-to-path": "1.0.0"
			}
		},
		"bl": {
			"version": "1.0.3",
			"resolved": "https://registry.npmjs.org/bl/-/bl-1.0.3.tgz",
			"integrity": "sha1-/FQhoo/UImA2w7OJGmaiW8ZNIm4=",
			"requires": {
				"readable-stream": "~2.0.5"
			}
		},
		"bluebird": {
			"version": "3.5.3",
			"resolved": "https://registry.npmjs.org/bluebird/-/bluebird-3.5.3.tgz",
			"integrity": "sha512-/qKPUQlaW1OyR51WeCPBvRnAlnZFUJkCSG5HzGnuIqhgyJtF+T94lFnn33eiazjRm2LAHVy2guNnaq48X9SJuw=="
		},
		"boom": {
			"version": "2.10.1",
			"resolved": "https://registry.npmjs.org/boom/-/boom-2.10.1.tgz",
			"integrity": "sha1-OciRjO/1eZ+D+UkqhI9iWt0Mdm8=",
			"requires": {
				"hoek": "2.x.x"
			}
		},
		"brace-expansion": {
			"version": "1.1.11",
			"resolved": "https://registry.npmjs.org/brace-expansion/-/brace-expansion-1.1.11.tgz",
			"integrity": "sha512-iCuPHDFgrHX7H2vEI/5xpz07zSHB00TpugqhmYtVmMO6518mCuRMoOYFldEBl0g187ufozdaHgWKcYFb61qGiA==",
			"dev": true,
			"requires": {
				"balanced-match": "^1.0.0",
				"concat-map": "0.0.1"
			}
		},
		"builtin-modules": {
			"version": "1.1.1",
			"resolved": "https://registry.npmjs.org/builtin-modules/-/builtin-modules-1.1.1.tgz",
			"integrity": "sha1-Jw8HbFpywC9bZaR9+Uxf46J4iS8=",
			"dev": true
		},
		"caseless": {
			"version": "0.11.0",
			"resolved": "https://registry.npmjs.org/caseless/-/caseless-0.11.0.tgz",
			"integrity": "sha1-cVuW6phBWTzDMGeSP17GDr2k99c="
		},
		"cget": {
			"version": "0.0.5",
			"resolved": "https://registry.npmjs.org/cget/-/cget-0.0.5.tgz",
			"integrity": "sha1-NOqPs7mmzqxTcfI3Z+OzkLj7xIE=",
			"requires": {
				"bluebird": "~3.2.2",
				"request": "~2.69.0"
			},
			"dependencies": {
				"bluebird": {
					"version": "3.2.2",
					"resolved": "https://registry.npmjs.org/bluebird/-/bluebird-3.2.2.tgz",
					"integrity": "sha1-FkNH0/yrIeyp24SbS4Vr7JYEEFE="
				}
			}
		},
		"chalk": {
			"version": "2.4.1",
			"resolved": "https://registry.npmjs.org/chalk/-/chalk-2.4.1.tgz",
			"integrity": "sha512-ObN6h1v2fTJSmUXoS3nMQ92LbDK9be4TV+6G+omQlGJFdcUX5heKi1LZ1YnRMIgwTLEj3E24bT6tYni50rlCfQ==",
			"dev": true,
			"requires": {
				"ansi-styles": "^3.2.1",
				"escape-string-regexp": "^1.0.5",
				"supports-color": "^5.3.0"
			},
			"dependencies": {
				"ansi-styles": {
					"version": "3.2.1",
					"resolved": "https://registry.npmjs.org/ansi-styles/-/ansi-styles-3.2.1.tgz",
					"integrity": "sha512-VT0ZI6kZRdTh8YyJw3SMbYm/u+NqfsAxEpWO0Pf9sq8/e94WxxOpPKx9FR1FlyCtOVDNOQ+8ntlqFxiRc+r5qA==",
					"dev": true,
					"requires": {
						"color-convert": "^1.9.0"
					}
				},
				"supports-color": {
					"version": "5.5.0",
					"resolved": "https://registry.npmjs.org/supports-color/-/supports-color-5.5.0.tgz",
					"integrity": "sha512-QjVjwdXIt408MIiAqCX4oUKsgU2EqAGzs2Ppkm4aQYbjm+ZEWEcW4SfFNTr4uMNZma0ey4f5lgLrkB0aX0QMow==",
					"dev": true,
					"requires": {
						"has-flag": "^3.0.0"
					}
				}
			}
		},
		"color-convert": {
			"version": "1.9.3",
			"resolved": "https://registry.npmjs.org/color-convert/-/color-convert-1.9.3.tgz",
			"integrity": "sha512-QfAUtd+vFdAtFQcC8CCyYt1fYWxSqAiK2cSD6zDB8N3cpsEBAvRxp9zOGg6G/SHHJYAT88/az/IuDGALsNVbGg==",
			"dev": true,
			"requires": {
				"color-name": "1.1.3"
			}
		},
		"color-name": {
			"version": "1.1.3",
			"resolved": "https://registry.npmjs.org/color-name/-/color-name-1.1.3.tgz",
			"integrity": "sha1-p9BVi9icQveV3UIyj3QIMcpTvCU=",
			"dev": true
		},
		"combined-stream": {
			"version": "1.0.7",
			"resolved": "https://registry.npmjs.org/combined-stream/-/combined-stream-1.0.7.tgz",
			"integrity": "sha512-brWl9y6vOB1xYPZcpZde3N9zDByXTosAeMDo4p1wzo6UMOX4vumB+TP1RZ76sfE6Md68Q0NJSrE/gbezd4Ul+w==",
			"requires": {
				"delayed-stream": "~1.0.0"
			}
		},
		"commander": {
			"version": "2.19.0",
			"resolved": "https://registry.npmjs.org/commander/-/commander-2.19.0.tgz",
			"integrity": "sha512-6tvAOO+D6OENvRAh524Dh9jcfKTYDQAqvqezbCW82xj5X0pSrcpxtvRKHLG0yBY6SD7PSDrJaj+0AiOcKVd1Xg=="
		},
		"concat-map": {
			"version": "0.0.1",
			"resolved": "https://registry.npmjs.org/concat-map/-/concat-map-0.0.1.tgz",
			"integrity": "sha1-2Klr13/Wjfd5OnMDajug1UBdR3s=",
			"dev": true
		},
		"core-util-is": {
			"version": "1.0.2",
			"resolved": "https://registry.npmjs.org/core-util-is/-/core-util-is-1.0.2.tgz",
			"integrity": "sha1-tf1UIgqivFq1eqtxQMlAdUUDwac="
		},
		"cryptiles": {
			"version": "2.0.5",
			"resolved": "https://registry.npmjs.org/cryptiles/-/cryptiles-2.0.5.tgz",
			"integrity": "sha1-O9/s3GCBR8HGcgL6KR59ylnqo7g=",
			"requires": {
				"boom": "2.x.x"
			}
		},
		"cxml": {
			"version": "0.3.1",
			"resolved": "https://registry.npmjs.org/cxml/-/cxml-0.3.1.tgz",
			"integrity": "sha512-5jIFevTO94uXGKoZrzb73urLzrdXfzIPd9cfHpiIcK9Qsk94hHF8JF7qQzM0crk+Jzv2Q+z27eeiZzEJDUS+4w==",
			"requires": {
				"@types/node": "^9.4.6",
				"autogypi": "^0.2.2",
				"nbind": "^0.3.15"
			},
			"dependencies": {
				"@types/node": {
					"version": "9.6.41",
					"resolved": "https://registry.npmjs.org/@types/node/-/node-9.6.41.tgz",
					"integrity": "sha512-sPZWEbFMz6qAy9SLY7jh5cgepmsiwqUUHjvEm8lpU6kug2hmmcyuTnwhoGw/GWpI5Npue4EqvsiQQI0eWjW/ZA=="
				}
			}
		},
		"cxsd": {
			"version": "0.1.1",
			"resolved": "https://registry.npmjs.org/cxsd/-/cxsd-0.1.1.tgz",
			"integrity": "sha1-H7goJn8DzaIi0OBJ/3TWuAg1q0Q=",
			"requires": {
				"bluebird": "^3.4.1",
				"cget": "~0.0.5",
				"commander": "~2.9.0",
				"cxml": "~0.1.0",
				"node-expat": "~2.3.15"
			},
			"dependencies": {
				"@types/node": {
					"version": "7.10.2",
					"resolved": "https://registry.npmjs.org/@types/node/-/node-7.10.2.tgz",
					"integrity": "sha512-RO4ig5taKmcrU4Rex8ojG1gpwFkjddzug9iPQSDvbewHN9vDpcFewevkaOK+KT+w1LeZnxbgOyfXwV4pxsQ4GQ=="
				},
				"commander": {
					"version": "2.9.0",
					"resolved": "https://registry.npmjs.org/commander/-/commander-2.9.0.tgz",
					"integrity": "sha1-nJkJQXbhIkDLItbFFGCYQA/g99Q=",
					"requires": {
						"graceful-readlink": ">= 1.0.0"
					}
				},
				"cxml": {
					"version": "0.1.1",
					"resolved": "https://registry.npmjs.org/cxml/-/cxml-0.1.1.tgz",
					"integrity": "sha1-4wzjYk3QO0fXZS+Kx1I9t5thZPE=",
					"requires": {
						"@types/bluebird": "^3.0.37",
						"@types/node": "^7.0.0",
						"@types/sax": "0.0.28",
						"bluebird": "^3.4.7",
						"sax": "~1.2.1"
					}
				}
			}
		},
		"dashdash": {
			"version": "1.14.1",
			"resolved": "https://registry.npmjs.org/dashdash/-/dashdash-1.14.1.tgz",
			"integrity": "sha1-hTz6D3y+L+1d4gMmuN1YEDX24vA=",
			"requires": {
				"assert-plus": "^1.0.0"
			},
			"dependencies": {
				"assert-plus": {
					"version": "1.0.0",
					"resolved": "https://registry.npmjs.org/assert-plus/-/assert-plus-1.0.0.tgz",
					"integrity": "sha1-8S4PPF13sLHN2RRpQuTpbB5N1SU="
				}
			}
		},
		"delayed-stream": {
			"version": "1.0.0",
			"resolved": "https://registry.npmjs.org/delayed-stream/-/delayed-stream-1.0.0.tgz",
			"integrity": "sha1-3zrhmayt+31ECqrgsp4icrJOxhk="
		},
		"diff": {
			"version": "3.5.0",
			"resolved": "https://registry.npmjs.org/diff/-/diff-3.5.0.tgz",
			"integrity": "sha512-A46qtFgd+g7pDZinpnwiRJtxbC1hpgf0uzP3iG89scHk0AUC7A1TGxf5OiiOUv/JMZR8GOt8hL900hV0bOy5xA==",
			"dev": true
		},
		"ecc-jsbn": {
			"version": "0.1.2",
			"resolved": "https://registry.npmjs.org/ecc-jsbn/-/ecc-jsbn-0.1.2.tgz",
			"integrity": "sha1-OoOpBOVDUyh4dMVkt1SThoSamMk=",
			"requires": {
				"jsbn": "~0.1.0",
				"safer-buffer": "^2.1.0"
			}
		},
		"emscripten-library-decorator": {
			"version": "0.2.2",
			"resolved": "https://registry.npmjs.org/emscripten-library-decorator/-/emscripten-library-decorator-0.2.2.tgz",
			"integrity": "sha1-0DXwI+KoTGgwXMhCze6jjmdoPEA="
		},
		"escape-string-regexp": {
			"version": "1.0.5",
			"resolved": "https://registry.npmjs.org/escape-string-regexp/-/escape-string-regexp-1.0.5.tgz",
			"integrity": "sha1-G2HAViGQqN/2rjuyzwIAyhMLhtQ="
		},
		"esprima": {
			"version": "4.0.1",
			"resolved": "https://registry.npmjs.org/esprima/-/esprima-4.0.1.tgz",
			"integrity": "sha512-eGuFFw7Upda+g4p+QHvnW0RyTX/SVeJBDM/gCtMARO0cLuT2HcEKnTPvhjV6aGeqrCB/sbNop0Kszm0jsaWU4A==",
			"dev": true
		},
		"esutils": {
			"version": "2.0.2",
			"resolved": "https://registry.npmjs.org/esutils/-/esutils-2.0.2.tgz",
			"integrity": "sha1-Cr9PHKpbyx96nYrMbepPqqBLrJs=",
			"dev": true
		},
		"extend": {
			"version": "3.0.2",
			"resolved": "https://registry.npmjs.org/extend/-/extend-3.0.2.tgz",
			"integrity": "sha512-fjquC59cD7CyW6urNXK0FBufkZcoiGG80wTuPujX590cB5Ttln20E2UB4S/WARVqhXffZl2LNgS+gQdPIIim/g=="
		},
		"extsprintf": {
			"version": "1.3.0",
			"resolved": "https://registry.npmjs.org/extsprintf/-/extsprintf-1.3.0.tgz",
			"integrity": "sha1-lpGEQOMEGnpBT4xS48V06zw+HgU="
		},
		"file-uri-to-path": {
			"version": "1.0.0",
			"resolved": "https://registry.npmjs.org/file-uri-to-path/-/file-uri-to-path-1.0.0.tgz",
			"integrity": "sha512-0Zt+s3L7Vf1biwWZ29aARiVYLx7iMGnEUl9x33fbB/j3jR81u/O2LbqK+Bm1CDSNDKVtJ/YjwY7TUd5SkeLQLw=="
		},
		"forever-agent": {
			"version": "0.6.1",
			"resolved": "https://registry.npmjs.org/forever-agent/-/forever-agent-0.6.1.tgz",
			"integrity": "sha1-+8cfDEGt6zf5bFd60e1C2P2sypE="
		},
		"form-data": {
			"version": "1.0.1",
			"resolved": "https://registry.npmjs.org/form-data/-/form-data-1.0.1.tgz",
			"integrity": "sha1-rjFduaSQf6BlUCMEpm13M0de43w=",
			"requires": {
				"async": "^2.0.1",
				"combined-stream": "^1.0.5",
				"mime-types": "^2.1.11"
			}
		},
		"fs.realpath": {
			"version": "1.0.0",
			"resolved": "https://registry.npmjs.org/fs.realpath/-/fs.realpath-1.0.0.tgz",
			"integrity": "sha1-FQStJSMVjKpA20onh8sBQRmU6k8=",
			"dev": true
		},
		"generate-function": {
			"version": "2.3.1",
			"resolved": "https://registry.npmjs.org/generate-function/-/generate-function-2.3.1.tgz",
			"integrity": "sha512-eeB5GfMNeevm/GRYq20ShmsaGcmI81kIX2K9XQx5miC8KdHaC6Jm0qQ8ZNeGOi7wYB8OsdxKs+Y2oVuTFuVwKQ==",
			"requires": {
				"is-property": "^1.0.2"
			}
		},
		"generate-object-property": {
			"version": "1.2.0",
			"resolved": "https://registry.npmjs.org/generate-object-property/-/generate-object-property-1.2.0.tgz",
			"integrity": "sha1-nA4cQDCM6AT0eDYYuTf6iPmdUNA=",
			"requires": {
				"is-property": "^1.0.0"
			}
		},
		"getpass": {
			"version": "0.1.7",
			"resolved": "https://registry.npmjs.org/getpass/-/getpass-0.1.7.tgz",
			"integrity": "sha1-Xv+OPmhNVprkyysSgmBOi6YhSfo=",
			"requires": {
				"assert-plus": "^1.0.0"
			},
			"dependencies": {
				"assert-plus": {
					"version": "1.0.0",
					"resolved": "https://registry.npmjs.org/assert-plus/-/assert-plus-1.0.0.tgz",
					"integrity": "sha1-8S4PPF13sLHN2RRpQuTpbB5N1SU="
				}
			}
		},
		"glob": {
			"version": "7.1.3",
			"resolved": "https://registry.npmjs.org/glob/-/glob-7.1.3.tgz",
			"integrity": "sha512-vcfuiIxogLV4DlGBHIUOwI0IbrJ8HWPc4MU7HzviGeNho/UJDfi6B5p3sHeWIQ0KGIU0Jpxi5ZHxemQfLkkAwQ==",
			"dev": true,
			"requires": {
				"fs.realpath": "^1.0.0",
				"inflight": "^1.0.4",
				"inherits": "2",
				"minimatch": "^3.0.4",
				"once": "^1.3.0",
				"path-is-absolute": "^1.0.0"
			}
		},
		"graceful-readlink": {
			"version": "1.0.1",
			"resolved": "https://registry.npmjs.org/graceful-readlink/-/graceful-readlink-1.0.1.tgz",
			"integrity": "sha1-TK+tdrxi8C+gObL5Tpo906ORpyU="
		},
		"har-validator": {
			"version": "2.0.6",
			"resolved": "https://registry.npmjs.org/har-validator/-/har-validator-2.0.6.tgz",
			"integrity": "sha1-zcvAgYgmWtEZtqWnyKtw7s+10n0=",
			"requires": {
				"chalk": "^1.1.1",
				"commander": "^2.9.0",
				"is-my-json-valid": "^2.12.4",
				"pinkie-promise": "^2.0.0"
			},
			"dependencies": {
				"chalk": {
					"version": "1.1.3",
					"resolved": "https://registry.npmjs.org/chalk/-/chalk-1.1.3.tgz",
					"integrity": "sha1-qBFcVeSnAv5NFQq9OHKCKn4J/Jg=",
					"requires": {
						"ansi-styles": "^2.2.1",
						"escape-string-regexp": "^1.0.2",
						"has-ansi": "^2.0.0",
						"strip-ansi": "^3.0.0",
						"supports-color": "^2.0.0"
					}
				}
			}
		},
		"has-ansi": {
			"version": "2.0.0",
			"resolved": "https://registry.npmjs.org/has-ansi/-/has-ansi-2.0.0.tgz",
			"integrity": "sha1-NPUEnOHs3ysGSa8+8k5F7TVBbZE=",
			"requires": {
				"ansi-regex": "^2.0.0"
			}
		},
		"has-flag": {
			"version": "3.0.0",
			"resolved": "https://registry.npmjs.org/has-flag/-/has-flag-3.0.0.tgz",
			"integrity": "sha1-tdRU3CGZriJWmfNGfloH87lVuv0=",
			"dev": true
		},
		"hawk": {
			"version": "3.1.3",
			"resolved": "https://registry.npmjs.org/hawk/-/hawk-3.1.3.tgz",
			"integrity": "sha1-B4REvXwWQLD+VA0sm3PVlnjo4cQ=",
			"requires": {
				"boom": "2.x.x",
				"cryptiles": "2.x.x",
				"hoek": "2.x.x",
				"sntp": "1.x.x"
			}
		},
		"hoek": {
			"version": "2.16.3",
			"resolved": "https://registry.npmjs.org/hoek/-/hoek-2.16.3.tgz",
			"integrity": "sha1-ILt0A9POo5jpHcRxCo/xuCdKJe0="
		},
		"http-signature": {
			"version": "1.1.1",
			"resolved": "https://registry.npmjs.org/http-signature/-/http-signature-1.1.1.tgz",
			"integrity": "sha1-33LiZwZs0Kxn+3at+OE0qPvPkb8=",
			"requires": {
				"assert-plus": "^0.2.0",
				"jsprim": "^1.2.2",
				"sshpk": "^1.7.0"
			}
		},
		"inflight": {
			"version": "1.0.6",
			"resolved": "https://registry.npmjs.org/inflight/-/inflight-1.0.6.tgz",
			"integrity": "sha1-Sb1jMdfQLQwJvJEKEHW6gWW1bfk=",
			"dev": true,
			"requires": {
				"once": "^1.3.0",
				"wrappy": "1"
			}
		},
		"inherits": {
			"version": "2.0.3",
			"resolved": "https://registry.npmjs.org/inherits/-/inherits-2.0.3.tgz",
			"integrity": "sha1-Yzwsg+PaQqUC9SRmAiSA9CCCYd4="
		},
		"is-my-ip-valid": {
			"version": "1.0.0",
			"resolved": "https://registry.npmjs.org/is-my-ip-valid/-/is-my-ip-valid-1.0.0.tgz",
			"integrity": "sha512-gmh/eWXROncUzRnIa1Ubrt5b8ep/MGSnfAUI3aRp+sqTCs1tv1Isl8d8F6JmkN3dXKc3ehZMrtiPN9eL03NuaQ=="
		},
		"is-my-json-valid": {
			"version": "2.19.0",
			"resolved": "https://registry.npmjs.org/is-my-json-valid/-/is-my-json-valid-2.19.0.tgz",
			"integrity": "sha512-mG0f/unGX1HZ5ep4uhRaPOS8EkAY8/j6mDRMJrutq4CqhoJWYp7qAlonIPy3TV7p3ju4TK9fo/PbnoksWmsp5Q==",
			"requires": {
				"generate-function": "^2.0.0",
				"generate-object-property": "^1.1.0",
				"is-my-ip-valid": "^1.0.0",
				"jsonpointer": "^4.0.0",
				"xtend": "^4.0.0"
			}
		},
		"is-property": {
			"version": "1.0.2",
			"resolved": "https://registry.npmjs.org/is-property/-/is-property-1.0.2.tgz",
			"integrity": "sha1-V/4cTkhHTt1lsJkR8msc1Ald2oQ="
		},
		"is-typedarray": {
			"version": "1.0.0",
			"resolved": "https://registry.npmjs.org/is-typedarray/-/is-typedarray-1.0.0.tgz",
			"integrity": "sha1-5HnICFjfDBsR3dppQPlgEfzaSpo="
		},
		"isarray": {
			"version": "1.0.0",
			"resolved": "https://registry.npmjs.org/isarray/-/isarray-1.0.0.tgz",
			"integrity": "sha1-u5NdSFgsuhaMBoNJV6VKPgcSTxE="
		},
		"isstream": {
			"version": "0.1.2",
			"resolved": "https://registry.npmjs.org/isstream/-/isstream-0.1.2.tgz",
			"integrity": "sha1-R+Y/evVa+m+S4VAOaQ64uFKcCZo="
		},
		"js-tokens": {
			"version": "3.0.2",
			"resolved": "https://registry.npmjs.org/js-tokens/-/js-tokens-3.0.2.tgz",
			"integrity": "sha1-mGbfOVECEw449/mWvOtlRDIJwls=",
			"dev": true
		},
		"js-yaml": {
			"version": "3.12.0",
			"resolved": "https://registry.npmjs.org/js-yaml/-/js-yaml-3.12.0.tgz",
			"integrity": "sha512-PIt2cnwmPfL4hKNwqeiuz4bKfnzHTBv6HyVgjahA6mPLwPDzjDWrplJBMjHUFxku/N3FlmrbyPclad+I+4mJ3A==",
			"dev": true,
			"requires": {
				"argparse": "^1.0.7",
				"esprima": "^4.0.0"
			}
		},
		"jsbn": {
			"version": "0.1.1",
			"resolved": "https://registry.npmjs.org/jsbn/-/jsbn-0.1.1.tgz",
			"integrity": "sha1-peZUwuWi3rXyAdls77yoDA7y9RM="
		},
		"json-schema": {
			"version": "0.2.3",
			"resolved": "https://registry.npmjs.org/json-schema/-/json-schema-0.2.3.tgz",
			"integrity": "sha1-tIDIkuWaLwWVTOcnvT8qTogvnhM="
		},
		"json-stringify-safe": {
			"version": "5.0.1",
			"resolved": "https://registry.npmjs.org/json-stringify-safe/-/json-stringify-safe-5.0.1.tgz",
			"integrity": "sha1-Epai1Y/UXxmg9s4B1lcB4sc1tus="
		},
		"jsonpointer": {
			"version": "4.0.1",
			"resolved": "https://registry.npmjs.org/jsonpointer/-/jsonpointer-4.0.1.tgz",
			"integrity": "sha1-T9kss04OnbPInIYi7PUfm5eMbLk="
		},
		"jsprim": {
			"version": "1.4.1",
			"resolved": "https://registry.npmjs.org/jsprim/-/jsprim-1.4.1.tgz",
			"integrity": "sha1-MT5mvB5cwG5Di8G3SZwuXFastqI=",
			"requires": {
				"assert-plus": "1.0.0",
				"extsprintf": "1.3.0",
				"json-schema": "0.2.3",
				"verror": "1.10.0"
			},
			"dependencies": {
				"assert-plus": {
					"version": "1.0.0",
					"resolved": "https://registry.npmjs.org/assert-plus/-/assert-plus-1.0.0.tgz",
					"integrity": "sha1-8S4PPF13sLHN2RRpQuTpbB5N1SU="
				}
			}
		},
		"lodash": {
			"version": "4.17.11",
			"resolved": "https://registry.npmjs.org/lodash/-/lodash-4.17.11.tgz",
			"integrity": "sha512-cQKh8igo5QUhZ7lg38DYWAxMvjSAKG0A8wGSVimP07SIUEK2UO+arSRKbRZWtelMtN5V0Hkwh5ryOto/SshYIg=="
		},
		"mime-db": {
			"version": "1.37.0",
			"resolved": "https://registry.npmjs.org/mime-db/-/mime-db-1.37.0.tgz",
			"integrity": "sha512-R3C4db6bgQhlIhPU48fUtdVmKnflq+hRdad7IyKhtFj06VPNVdk2RhiYL3UjQIlso8L+YxAtFkobT0VK+S/ybg=="
		},
		"mime-types": {
			"version": "2.1.21",
			"resolved": "https://registry.npmjs.org/mime-types/-/mime-types-2.1.21.tgz",
			"integrity": "sha512-3iL6DbwpyLzjR3xHSFNFeb9Nz/M8WDkX33t1GFQnFOllWk8pOrh/LSrB5OXlnlW5P9LH73X6loW/eogc+F5lJg==",
			"requires": {
				"mime-db": "~1.37.0"
			}
		},
		"minimatch": {
			"version": "3.0.4",
			"resolved": "https://registry.npmjs.org/minimatch/-/minimatch-3.0.4.tgz",
			"integrity": "sha512-yJHVQEhyqPLUTgt9B83PXu6W3rx4MvvHvSUvToogpwoGDOUQ+yDrR0HRot+yOCdCO7u4hX3pWft6kWBBcqh0UA==",
			"dev": true,
			"requires": {
				"brace-expansion": "^1.1.7"
			}
		},
		"minimist": {
			"version": "0.0.8",
			"resolved": "https://registry.npmjs.org/minimist/-/minimist-0.0.8.tgz",
			"integrity": "sha1-hX/Kv8M5fSYluCKCYuhqp6ARsF0="
		},
		"mkdirp": {
			"version": "0.5.1",
			"resolved": "https://registry.npmjs.org/mkdirp/-/mkdirp-0.5.1.tgz",
			"integrity": "sha1-MAV0OOrGz3+MR2fzhkjWaX11yQM=",
			"requires": {
				"minimist": "0.0.8"
			}
		},
		"nan": {
			"version": "2.12.1",
			"resolved": "https://registry.npmjs.org/nan/-/nan-2.12.1.tgz",
			"integrity": "sha512-JY7V6lRkStKcKTvHO5NVSQRv+RV+FIL5pvDoLiAtSL9pKlC5x9PKQcZDsq7m4FO4d57mkhC6Z+QhAh3Jdk5JFw=="
		},
		"nbind": {
			"version": "0.3.15",
			"resolved": "https://registry.npmjs.org/nbind/-/nbind-0.3.15.tgz",
			"integrity": "sha512-TrKLNRj5D8wZRJb7XmUNbA1W3iTigAEpm3qaGig5bEWY/iCT2IQBgBc2EUGO59FbRIGhx5hB/McVwqxlSGScVw==",
			"requires": {
				"emscripten-library-decorator": "~0.2.2",
				"mkdirp": "~0.5.1",
				"nan": "^2.9.2"
			}
		},
		"node-expat": {
			"version": "2.3.17",
			"resolved": "https://registry.npmjs.org/node-expat/-/node-expat-2.3.17.tgz",
			"integrity": "sha512-mNTxY/GMiZGayqdKZXyf6lJR7OM1JqyL0EISjE4XF7Ov7+X4zJjmlnfxCi6Gml90IEOyiYBcyJg9MHDsDp6YHw==",
			"requires": {
				"bindings": "^1.2.1",
				"nan": "^2.10.0"
			}
		},
		"node-uuid": {
			"version": "1.4.8",
			"resolved": "https://registry.npmjs.org/node-uuid/-/node-uuid-1.4.8.tgz",
			"integrity": "sha1-sEDrCSOWivq/jTL7HxfxFn/auQc="
		},
		"oauth-sign": {
			"version": "0.8.2",
			"resolved": "https://registry.npmjs.org/oauth-sign/-/oauth-sign-0.8.2.tgz",
			"integrity": "sha1-Rqarfwrq2N6unsBWV4C31O/rnUM="
		},
		"once": {
			"version": "1.4.0",
			"resolved": "https://registry.npmjs.org/once/-/once-1.4.0.tgz",
			"integrity": "sha1-WDsap3WWHUsROsF9nFC6753Xa9E=",
			"dev": true,
			"requires": {
				"wrappy": "1"
			}
		},
		"path-is-absolute": {
			"version": "1.0.1",
			"resolved": "http://registry.npmjs.org/path-is-absolute/-/path-is-absolute-1.0.1.tgz",
			"integrity": "sha1-F0uSaHNVNP+8es5r9TpanhtcX18=",
			"dev": true
		},
		"path-parse": {
			"version": "1.0.6",
			"resolved": "https://registry.npmjs.org/path-parse/-/path-parse-1.0.6.tgz",
			"integrity": "sha512-GSmOT2EbHrINBf9SR7CDELwlJ8AENk3Qn7OikK4nFYAu3Ote2+JYNVvkpAEQm3/TLNEJFD/xZJjzyxg3KBWOzw==",
			"dev": true
		},
		"pinkie": {
			"version": "2.0.4",
			"resolved": "https://registry.npmjs.org/pinkie/-/pinkie-2.0.4.tgz",
			"integrity": "sha1-clVrgM+g1IqXToDnckjoDtT3+HA="
		},
		"pinkie-promise": {
			"version": "2.0.1",
			"resolved": "https://registry.npmjs.org/pinkie-promise/-/pinkie-promise-2.0.1.tgz",
			"integrity": "sha1-ITXW36ejWMBprJsXh3YogihFD/o=",
			"requires": {
				"pinkie": "^2.0.0"
			}
		},
		"process-nextick-args": {
			"version": "1.0.7",
			"resolved": "https://registry.npmjs.org/process-nextick-args/-/process-nextick-args-1.0.7.tgz",
			"integrity": "sha1-FQ4gt1ZZCtP5EJPyWk8q2L/zC6M="
		},
		"qs": {
			"version": "6.0.4",
			"resolved": "https://registry.npmjs.org/qs/-/qs-6.0.4.tgz",
			"integrity": "sha1-UQGdhHIMk5uCc36EVWp4Izjs6ns="
		},
		"readable-stream": {
			"version": "2.0.6",
			"resolved": "https://registry.npmjs.org/readable-stream/-/readable-stream-2.0.6.tgz",
			"integrity": "sha1-j5A0HmilPMySh4jaz80Rs265t44=",
			"requires": {
				"core-util-is": "~1.0.0",
				"inherits": "~2.0.1",
				"isarray": "~1.0.0",
				"process-nextick-args": "~1.0.6",
				"string_decoder": "~0.10.x",
				"util-deprecate": "~1.0.1"
			}
		},
		"request": {
			"version": "2.69.0",
			"resolved": "https://registry.npmjs.org/request/-/request-2.69.0.tgz",
			"integrity": "sha1-z5HS4AB1KxIXFVwAUkGRGZGiNGo=",
			"requires": {
				"aws-sign2": "~0.6.0",
				"aws4": "^1.2.1",
				"bl": "~1.0.0",
				"caseless": "~0.11.0",
				"combined-stream": "~1.0.5",
				"extend": "~3.0.0",
				"forever-agent": "~0.6.1",
				"form-data": "~1.0.0-rc3",
				"har-validator": "~2.0.6",
				"hawk": "~3.1.0",
				"http-signature": "~1.1.0",
				"is-typedarray": "~1.0.0",
				"isstream": "~0.1.2",
				"json-stringify-safe": "~5.0.1",
				"mime-types": "~2.1.7",
				"node-uuid": "~1.4.7",
				"oauth-sign": "~0.8.0",
				"qs": "~6.0.2",
				"stringstream": "~0.0.4",
				"tough-cookie": "~2.2.0",
				"tunnel-agent": "~0.4.1"
			}
		},
		"resolve": {
			"version": "1.8.1",
			"resolved": "https://registry.npmjs.org/resolve/-/resolve-1.8.1.tgz",
			"integrity": "sha512-AicPrAC7Qu1JxPCZ9ZgCZlY35QgFnNqc+0LtbRNxnVw4TXvjQ72wnuL9JQcEBgXkI9JM8MsT9kaQoHcpCRJOYA==",
			"dev": true,
			"requires": {
				"path-parse": "^1.0.5"
			}
		},
		"safer-buffer": {
			"version": "2.1.2",
			"resolved": "https://registry.npmjs.org/safer-buffer/-/safer-buffer-2.1.2.tgz",
			"integrity": "sha512-YZo3K82SD7Riyi0E1EQPojLz7kpepnSQI9IyPbHHg1XXXevb5dJI7tpyN2ADxGcQbHG7vcyRHk0cbwqcQriUtg=="
		},
		"sax": {
			"version": "1.2.4",
			"resolved": "https://registry.npmjs.org/sax/-/sax-1.2.4.tgz",
			"integrity": "sha512-NqVDv9TpANUjFm0N8uM5GxL36UgKi9/atZw+x7YFnQ8ckwFGKrl4xX4yWtrey3UJm5nP1kUbnYgLopqWNSRhWw=="
		},
		"semver": {
			"version": "5.6.0",
			"resolved": "https://registry.npmjs.org/semver/-/semver-5.6.0.tgz",
			"integrity": "sha512-RS9R6R35NYgQn++fkDWaOmqGoj4Ek9gGs+DPxNUZKuwE183xjJroKvyo1IzVFeXvUrvmALy6FWD5xrdJT25gMg==",
			"dev": true
		},
		"sntp": {
			"version": "1.0.9",
			"resolved": "https://registry.npmjs.org/sntp/-/sntp-1.0.9.tgz",
			"integrity": "sha1-ZUEYTMkK7qbG57NeJlkIJEPGYZg=",
			"requires": {
				"hoek": "2.x.x"
			}
		},
		"sprintf-js": {
			"version": "1.0.3",
			"resolved": "https://registry.npmjs.org/sprintf-js/-/sprintf-js-1.0.3.tgz",
			"integrity": "sha1-BOaSb2YolTVPPdAVIDYzuFcpfiw=",
			"dev": true
		},
		"sshpk": {
			"version": "1.16.1",
			"resolved": "https://registry.npmjs.org/sshpk/-/sshpk-1.16.1.tgz",
			"integrity": "sha512-HXXqVUq7+pcKeLqqZj6mHFUMvXtOJt1uoUx09pFW6011inTMxqI8BA8PM95myrIyyKwdnzjdFjLiE6KBPVtJIg==",
			"requires": {
				"asn1": "~0.2.3",
				"assert-plus": "^1.0.0",
				"bcrypt-pbkdf": "^1.0.0",
				"dashdash": "^1.12.0",
				"ecc-jsbn": "~0.1.1",
				"getpass": "^0.1.1",
				"jsbn": "~0.1.0",
				"safer-buffer": "^2.0.2",
				"tweetnacl": "~0.14.0"
			},
			"dependencies": {
				"assert-plus": {
					"version": "1.0.0",
					"resolved": "https://registry.npmjs.org/assert-plus/-/assert-plus-1.0.0.tgz",
					"integrity": "sha1-8S4PPF13sLHN2RRpQuTpbB5N1SU="
				}
			}
		},
		"string_decoder": {
			"version": "0.10.31",
			"resolved": "https://registry.npmjs.org/string_decoder/-/string_decoder-0.10.31.tgz",
			"integrity": "sha1-YuIDvEF2bGwoyfyEMB2rHFMQ+pQ="
		},
		"stringstream": {
			"version": "0.0.6",
			"resolved": "https://registry.npmjs.org/stringstream/-/stringstream-0.0.6.tgz",
			"integrity": "sha512-87GEBAkegbBcweToUrdzf3eLhWNg06FJTebl4BVJz/JgWy8CvEr9dRtX5qWphiynMSQlxxi+QqN0z5T32SLlhA=="
		},
		"strip-ansi": {
			"version": "3.0.1",
			"resolved": "http://registry.npmjs.org/strip-ansi/-/strip-ansi-3.0.1.tgz",
			"integrity": "sha1-ajhfuIU9lS1f8F0Oiq+UJ43GPc8=",
			"requires": {
				"ansi-regex": "^2.0.0"
			}
		},
		"supports-color": {
			"version": "2.0.0",
			"resolved": "https://registry.npmjs.org/supports-color/-/supports-color-2.0.0.tgz",
			"integrity": "sha1-U10EXOa2Nj+kARcIRimZXp3zJMc="
		},
		"tough-cookie": {
			"version": "2.2.2",
			"resolved": "https://registry.npmjs.org/tough-cookie/-/tough-cookie-2.2.2.tgz",
			"integrity": "sha1-yDoYMPTl7wuT7yo0iOck+N4Basc="
		},
		"tslib": {
			"version": "1.9.3",
			"resolved": "https://registry.npmjs.org/tslib/-/tslib-1.9.3.tgz",
			"integrity": "sha512-4krF8scpejhaOgqzBEcGM7yDIEfi0/8+8zDRZhNZZ2kjmHJ4hv3zCbQWxoJGz1iw5U0Jl0nma13xzHXcncMavQ==",
			"dev": true
		},
		"tslint": {
			"version": "5.11.0",
			"resolved": "https://registry.npmjs.org/tslint/-/tslint-5.11.0.tgz",
			"integrity": "sha1-mPMMAurjzecAYgHkwzywi0hYHu0=",
			"dev": true,
			"requires": {
				"babel-code-frame": "^6.22.0",
				"builtin-modules": "^1.1.1",
				"chalk": "^2.3.0",
				"commander": "^2.12.1",
				"diff": "^3.2.0",
				"glob": "^7.1.1",
				"js-yaml": "^3.7.0",
				"minimatch": "^3.0.4",
				"resolve": "^1.3.2",
				"semver": "^5.3.0",
				"tslib": "^1.8.0",
				"tsutils": "^2.27.2"
			}
		},
		"tsutils": {
			"version": "2.29.0",
			"resolved": "https://registry.npmjs.org/tsutils/-/tsutils-2.29.0.tgz",
			"integrity": "sha512-g5JVHCIJwzfISaXpXE1qvNalca5Jwob6FjI4AoPlqMusJ6ftFE7IkkFoMhVLRgK+4Kx3gkzb8UZK5t5yTTvEmA==",
			"dev": true,
			"requires": {
				"tslib": "^1.8.1"
			}
		},
		"tunnel-agent": {
			"version": "0.4.3",
			"resolved": "https://registry.npmjs.org/tunnel-agent/-/tunnel-agent-0.4.3.tgz",
			"integrity": "sha1-Y3PbdpCf5XDgjXNYM2Xtgop07us="
		},
		"tweetnacl": {
			"version": "0.14.5",
			"resolved": "https://registry.npmjs.org/tweetnacl/-/tweetnacl-0.14.5.tgz",
			"integrity": "sha1-WuaBd/GS1EViadEIr6k/+HQ/T2Q="
		},
		"typescript": {
			"version": "3.1.3",
			"resolved": "https://registry.npmjs.org/typescript/-/typescript-3.1.3.tgz",
			"integrity": "sha512-+81MUSyX+BaSo+u2RbozuQk/UWx6hfG0a5gHu4ANEM4sU96XbuIyAB+rWBW1u70c6a5QuZfuYICn3s2UjuHUpA==",
			"dev": true
		},
		"util-deprecate": {
			"version": "1.0.2",
			"resolved": "https://registry.npmjs.org/util-deprecate/-/util-deprecate-1.0.2.tgz",
			"integrity": "sha1-RQ1Nyfpw3nMnYvvS1KKJgUGaDM8="
		},
		"verror": {
			"version": "1.10.0",
			"resolved": "https://registry.npmjs.org/verror/-/verror-1.10.0.tgz",
			"integrity": "sha1-OhBcoXBTr1XW4nDB+CiGguGNpAA=",
			"requires": {
				"assert-plus": "^1.0.0",
				"core-util-is": "1.0.2",
				"extsprintf": "^1.2.0"
			},
			"dependencies": {
				"assert-plus": {
					"version": "1.0.0",
					"resolved": "https://registry.npmjs.org/assert-plus/-/assert-plus-1.0.0.tgz",
					"integrity": "sha1-8S4PPF13sLHN2RRpQuTpbB5N1SU="
				}
			}
		},
		"wrappy": {
			"version": "1.0.2",
			"resolved": "https://registry.npmjs.org/wrappy/-/wrappy-1.0.2.tgz",
			"integrity": "sha1-tSQ9jz7BqjXxNkYFvA0QNuMKtp8=",
			"dev": true
		},
		"xtend": {
			"version": "4.0.1",
			"resolved": "https://registry.npmjs.org/xtend/-/xtend-4.0.1.tgz",
			"integrity": "sha1-pcbVMr5lbiPbgg77lDofBJmNY68="
		}
	}
}
